
Microsoft Visual Studio Solution File, Format Version 12.00
# Visual Studio 15
VisualStudioVersion = 15.0.26228.9
MinimumVisualStudioVersion = 10.0.40219.1
Project("{FAE04EC0-301F-11D3-BF4B-00C04F79EFBC}") = "AsyncSuffixAnalyzer", "AsyncSuffixAnalyzer\AsyncSuffixAnalyzer\AsyncSuffixAnalyzer.csproj", "{2E1F19C6-EC35-47A3-8165-889E07AD977D}"
EndProject
Project("{FAE04EC0-301F-11D3-BF4B-00C04F79EFBC}") = "AsyncSuffixAnalyzer.Test", "AsyncSuffixAnalyzer\AsyncSuffixAnalyzer.Test\AsyncSuffixAnalyzer.Test.csproj", "{1CA1CE15-57F9-4C64-90E3-49DDE52758C6}"
EndProject
Project("{FAE04EC0-301F-11D3-BF4B-00C04F79EFBC}") = "AsyncSuffixAnalyzer.Vsix", "AsyncSuffixAnalyzer\AsyncSuffixAnalyzer.Vsix\AsyncSuffixAnalyzer.Vsix.csproj", "{13784883-EBC2-4A52-BCD2-7CF92AE6D9CF}"
EndProject
Global
	GlobalSection(SolutionConfigurationPlatforms) = preSolution
		Debug|Any CPU = Debug|Any CPU
		Release|Any CPU = Release|Any CPU
	EndGlobalSection
	GlobalSection(ProjectConfigurationPlatforms) = postSolution
		{2E1F19C6-EC35-47A3-8165-889E07AD977D}.Debug|Any CPU.ActiveCfg = Debug|Any CPU
		{2E1F19C6-EC35-47A3-8165-889E07AD977D}.Debug|Any CPU.Build.0 = Debug|Any CPU
		{2E1F19C6-EC35-47A3-8165-889E07AD977D}.Release|Any CPU.ActiveCfg = Release|Any CPU
		{2E1F19C6-EC35-47A3-8165-889E07AD977D}.Release|Any CPU.Build.0 = Release|Any CPU
		{1CA1CE15-57F9-4C64-90E3-49DDE52758C6}.Debug|Any CPU.ActiveCfg = Debug|Any CPU
		{1CA1CE15-57F9-4C64-90E3-49DDE52758C6}.Debug|Any CPU.Build.0 = Debug|Any CPU
		{1CA1CE15-57F9-4C64-90E3-49DDE52758C6}.Release|Any CPU.ActiveCfg = Release|Any CPU
		{1CA1CE15-57F9-4C64-90E3-49DDE52758C6}.Release|Any CPU.Build.0 = Release|Any CPU
		{13784883-EBC2-4A52-BCD2-7CF92AE6D9CF}.Debug|Any CPU.ActiveCfg = Debug|Any CPU
		{13784883-EBC2-4A52-BCD2-7CF92AE6D9CF}.Debug|Any CPU.Build.0 = Debug|Any CPU
		{13784883-EBC2-4A52-BCD2-7CF92AE6D9CF}.Release|Any CPU.ActiveCfg = Release|Any CPU
		{13784883-EBC2-4A52-BCD2-7CF92AE6D9CF}.Release|Any CPU.Build.0 = Release|Any CPU
	EndGlobalSection
	GlobalSection(SolutionProperties) = preSolution
		HideSolutionNode = FALSE
	EndGlobalSection
EndGlobal
